{
  "nodes": {
    "nixpkgs": {
      "locked": {
        "lastModified": 1788922888,
        "narHash": "sha256-qXRBUGgSW4MbbHyD8gkzI2BbcdlRjpowa4vpwdPA5uc=",
        "rev": "a391f95d4557d685fd8e5dc0d4b1f9271aa2f342",
        "type": "tarball",
        "url": "https://releases.nixos.org/nixpkgs/nixpkgs-26.11pre1070276.a391f95d4557/nixexprs.tar.xz"
      },
      "original": {
        "id": "nixpkgs",
        "type": "indirect"
      }
    },
    "root": {
      "inputs": {
        "nixpkgs": "nixpkgs"
      }
    }
  },
  "root": "root",
  "version": 7
}
